
Microsoft Visual Studio Solution File, Format Version 12.00
# Visual Studio Version 17
VisualStudioVersion = 17.8.34525.116
MinimumVisualStudioVersion = 10.0.40219.1
Project("{FAE04EC0-301F-11D3-BF4B-00C04F79EFBC}") = "GenOutfit", "GenOutfit.csproj", "{14DD85B4-B0E3-4F7E-86E0-60111F3E6715}"
EndProject
Global
	GlobalSection(SolutionConfigurationPlatforms) = preSolution
		Debug|Any CPU = Debug|Any CPU
		Release|Any CPU = Release|Any CPU
	EndGlobalSection
	GlobalSection(ProjectConfigurationPlatforms) = postSolution
		{14DD85B4-B0E3-4F7E-86E0-60111F3E6715}.Debug|Any CPU.ActiveCfg = Debug|Any CPU
		{14DD85B4-B0E3-4F7E-86E0-60111F3E6715}.Debug|Any CPU.Build.0 = Debug|Any CPU
		{14DD85B4-B0E3-4F7E-86E0-60111F3E6715}.Release|Any CPU.ActiveCfg = Release|Any CPU
		{14DD85B4-B0E3-4F7E-86E0-60111F3E6715}.Release|Any CPU.Build.0 = Release|Any CPU
	EndGlobalSection
	GlobalSection(SolutionProperties) = preSolution
		HideSolutionNode = FALSE
	EndGlobalSection
	GlobalSection(ExtensibilityGlobals) = postSolution
		SolutionGuid = {BE0B84FC-2C62-47D7-A715-DBD55F4DC009}
	EndGlobalSection
EndGlobal
